
Microsoft Visual Studio Solution File, Format Version 12.00
# Visual Studio Version 17
VisualStudioVersion = 17.6.33723.286
MinimumVisualStudioVersion = 10.0.40219.1
Project("{FAE04EC0-301F-11D3-BF4B-00C04F79EFBC}") = "Tema_if_switch", "Tema_if_switch.csproj", "{5BB72F05-3A18-40F6-B57C-B8C6B6FA452D}"
EndProject
Global
	GlobalSection(SolutionConfigurationPlatforms) = preSolution
		Debug|Any CPU = Debug|Any CPU
		Release|Any CPU = Release|Any CPU
	EndGlobalSection
	GlobalSection(ProjectConfigurationPlatforms) = postSolution
		{5BB72F05-3A18-40F6-B57C-B8C6B6FA452D}.Debug|Any CPU.ActiveCfg = Debug|Any CPU
		{5BB72F05-3A18-40F6-B57C-B8C6B6FA452D}.Debug|Any CPU.Build.0 = Debug|Any CPU
		{5BB72F05-3A18-40F6-B57C-B8C6B6FA452D}.Release|Any CPU.ActiveCfg = Release|Any CPU
		{5BB72F05-3A18-40F6-B57C-B8C6B6FA452D}.Release|Any CPU.Build.0 = Release|Any CPU
	EndGlobalSection
	GlobalSection(SolutionProperties) = preSolution
		HideSolutionNode = FALSE
	EndGlobalSection
	GlobalSection(ExtensibilityGlobals) = postSolution
		SolutionGuid = {000AA010-B84A-4E5C-878D-220D1FE27B46}
	EndGlobalSection
EndGlobal
